// !$*UTF8*$!
{
	archiveVersion = 1;
	classes = {
	};
	objectVersion = 56;
	objects = {

/* Begin PBXBuildFile section */
		F14031F32CEB097700F89326 /* RemindersCloneApp.swift in Sources */ = {isa = PBXBuildFile; fileRef = F14031F22CEB097700F89326 /* RemindersCloneApp.swift */; };
		F14031F72CEB097A00F89326 /* Assets.xcassets in Resources */ = {isa = PBXBuildFile; fileRef = F14031F62CEB097A00F89326 /* Assets.xcassets */; };
		F14031FA2CEB097A00F89326 /* Preview Assets.xcassets in Resources */ = {isa = PBXBuildFile; fileRef = F14031F92CEB097A00F89326 /* Preview Assets.xcassets */; };
		F14032032CEB0CA700F89326 /* MyListsScreen.swift in Sources */ = {isa = PBXBuildFile; fileRef = F14032022CEB0CA700F89326 /* MyListsScreen.swift */; };
		F14032052CEB0DFA00F89326 /* AddMyListScreen.swift in Sources */ = {isa = PBXBuildFile; fileRef = F14032042CEB0DFA00F89326 /* AddMyListScreen.swift */; };
		F14032072CEB0E0900F89326 /* ColorPickerView.swift in Sources */ = {isa = PBXBuildFile; fileRef = F14032062CEB0E0900F89326 /* ColorPickerView.swift */; };
		F140320A2CEB158A00F89326 /* MyList.swift in Sources */ = {isa = PBXBuildFile; fileRef = F14032092CEB158A00F89326 /* MyList.swift */; };
		F140320C2CEB15E500F89326 /* PreviewContainer.swift in Sources */ = {isa = PBXBuildFile; fileRef = F140320B2CEB15E500F89326 /* PreviewContainer.swift */; };
		F140320F2CEB18BE00F89326 /* Color+Extension.swift in Sources */ = {isa = PBXBuildFile; fileRef = F140320E2CEB18BE00F89326 /* Color+Extension.swift */; };
		F14032112CEB205000F89326 /* Reminder.swift in Sources */ = {isa = PBXBuildFile; fileRef = F14032102CEB205000F89326 /* Reminder.swift */; };
		F14032132CEB22A700F89326 /* MyListDetailScreen.swift in Sources */ = {isa = PBXBuildFile; fileRef = F14032122CEB22A700F89326 /* MyListDetailScreen.swift */; };
		F14032152CEB263E00F89326 /* String+Extension.swift in Sources */ = {isa = PBXBuildFile; fileRef = F14032142CEB263E00F89326 /* String+Extension.swift */; };
		F18DA40E2CEDB3F700E5AEEE /* NotificationManager.swift in Sources */ = {isa = PBXBuildFile; fileRef = F18DA40D2CEDB3F700E5AEEE /* NotificationManager.swift */; };
		F1D6C5922CEC67C7002984A0 /* ReminderCellView.swift in Sources */ = {isa = PBXBuildFile; fileRef = F1D6C5912CEC67C7002984A0 /* ReminderCellView.swift */; };
		F1D6C5942CEC6DF2002984A0 /* ReminderEditScreen.swift in Sources */ = {isa = PBXBuildFile; fileRef = F1D6C5932CEC6DF2002984A0 /* ReminderEditScreen.swift */; };
		F1D6C5962CEC7750002984A0 /* Date+Extension.swift in Sources */ = {isa = PBXBuildFile; fileRef = F1D6C5952CEC7750002984A0 /* Date+Extension.swift */; };
		F1D6C5992CEC7896002984A0 /* Delay.swift in Sources */ = {isa = PBXBuildFile; fileRef = F1D6C5982CEC7896002984A0 /* Delay.swift */; };
		F1D6C59B2CEC9977002984A0 /* MyListCellView.swift in Sources */ = {isa = PBXBuildFile; fileRef = F1D6C59A2CEC9977002984A0 /* MyListCellView.swift */; };
		F1D6C59D2CECA395002984A0 /* ReminderStatView.swift in Sources */ = {isa = PBXBuildFile; fileRef = F1D6C59C2CECA395002984A0 /* ReminderStatView.swift */; };
		F1D6C59F2CECAE91002984A0 /* RemindersListView.swift in Sources */ = {isa = PBXBuildFile; fileRef = F1D6C59E2CECAE91002984A0 /* RemindersListView.swift */; };
/* End PBXBuildFile section */

/* Begin PBXFileReference section */
		F14031EF2CEB097700F89326 /* RemindersClone.app */ = {isa = PBXFileReference; explicitFileType = wrapper.application; includeInIndex = 0; path = RemindersClone.app; sourceTree = BUILT_PRODUCTS_DIR; };
		F14031F22CEB097700F89326 /* RemindersCloneApp.swift */ = {isa = PBXFileReference; lastKnownFileType = sourcecode.swift; path = RemindersCloneApp.swift; sourceTree = "<group>"; };
		F14031F62CEB097A00F89326 /* Assets.xcassets */ = {isa = PBXFileReference; lastKnownFileType = folder.assetcatalog; path = Assets.xcassets; sourceTree = "<group>"; };
		F14031F92CEB097A00F89326 /* Preview Assets.xcassets */ = {isa = PBXFileReference; lastKnownFileType = folder.assetcatalog; path = "Preview Assets.xcassets"; sourceTree = "<group>"; };
		F14032022CEB0CA700F89326 /* MyListsScreen.swift */ = {isa = PBXFileReference; lastKnownFileType = sourcecode.swift; path = MyListsScreen.swift; sourceTree = "<group>"; };
		F14032042CEB0DFA00F89326 /* AddMyListScreen.swift */ = {isa = PBXFileReference; lastKnownFileType = sourcecode.swift; path = AddMyListScreen.swift; sourceTree = "<group>"; };
		F14032062CEB0E0900F89326 /* ColorPickerView.swift */ = {isa = PBXFileReference; lastKnownFileType = sourcecode.swift; path = ColorPickerView.swift; sourceTree = "<group>"; };
		F14032092CEB158A00F89326 /* MyList.swift */ = {isa = PBXFileReference; lastKnownFileType = sourcecode.swift; path = MyList.swift; sourceTree = "<group>"; };
		F140320B2CEB15E500F89326 /* PreviewContainer.swift */ = {isa = PBXFileReference; lastKnownFileType = sourcecode.swift; path = PreviewContainer.swift; sourceTree = "<group>"; };
		F140320E2CEB18BE00F89326 /* Color+Extension.swift */ = {isa = PBXFileReference; lastKnownFileType = sourcecode.swift; path = "Color+Extension.swift"; sourceTree = "<group>"; };
		F14032102CEB205000F89326 /* Reminder.swift */ = {isa = PBXFileReference; lastKnownFileType = sourcecode.swift; path = Reminder.swift; sourceTree = "<group>"; };
		F14032122CEB22A700F89326 /* MyListDetailScreen.swift */ = {isa = PBXFileReference; lastKnownFileType = sourcecode.swift; path = MyListDetailScreen.swift; sourceTree = "<group>"; };
		F14032142CEB263E00F89326 /* String+Extension.swift */ = {isa = PBXFileReference; lastKnownFileType = sourcecode.swift; path = "String+Extension.swift"; sourceTree = "<group>"; };
		F18DA40D2CEDB3F700E5AEEE /* NotificationManager.swift */ = {isa = PBXFileReference; lastKnownFileType = sourcecode.swift; path = NotificationManager.swift; sourceTree = "<group>"; };
		F1D6C5912CEC67C7002984A0 /* ReminderCellView.swift */ = {isa = PBXFileReference; lastKnownFileType = sourcecode.swift; path = ReminderCellView.swift; sourceTree = "<group>"; };
		F1D6C5932CEC6DF2002984A0 /* ReminderEditScreen.swift */ = {isa = PBXFileReference; lastKnownFileType = sourcecode.swift; path = ReminderEditScreen.swift; sourceTree = "<group>"; };
		F1D6C5952CEC7750002984A0 /* Date+Extension.swift */ = {isa = PBXFileReference; lastKnownFileType = sourcecode.swift; path = "Date+Extension.swift"; sourceTree = "<group>"; };
		F1D6C5982CEC7896002984A0 /* Delay.swift */ = {isa = PBXFileReference; lastKnownFileType = sourcecode.swift; path = Delay.swift; sourceTree = "<group>"; };
		F1D6C59A2CEC9977002984A0 /* MyListCellView.swift */ = {isa = PBXFileReference; lastKnownFileType = sourcecode.swift; path = MyListCellView.swift; sourceTree = "<group>"; };
		F1D6C59C2CECA395002984A0 /* ReminderStatView.swift */ = {isa = PBXFileReference; lastKnownFileType = sourcecode.swift; path = ReminderStatView.swift; sourceTree = "<group>"; };
		F1D6C59E2CECAE91002984A0 /* RemindersListView.swift */ = {isa = PBXFileReference; lastKnownFileType = sourcecode.swift; path = RemindersListView.swift; sourceTree = "<group>"; };
/* End PBXFileReference section */

/* Begin PBXFrameworksBuildPhase section */
		F14031EC2CEB097700F89326 /* Frameworks */ = {
			isa = PBXFrameworksBuildPhase;
			buildActionMask = 2147483647;
			files = (
			);
			runOnlyForDeploymentPostprocessing = 0;
		};
/* End PBXFrameworksBuildPhase section */

/* Begin PBXGroup section */
		F14031E62CEB097700F89326 = {
			isa = PBXGroup;
			children = (
				F14031F12CEB097700F89326 /* RemindersClone */,
				F14031F02CEB097700F89326 /* Products */,
			);
			sourceTree = "<group>";
		};
		F14031F02CEB097700F89326 /* Products */ = {
			isa = PBXGroup;
			children = (
				F14031EF2CEB097700F89326 /* RemindersClone.app */,
			);
			name = Products;
			sourceTree = "<group>";
		};
		F14031F12CEB097700F89326 /* RemindersClone */ = {
			isa = PBXGroup;
			children = (
				F18DA40C2CEDB3E800E5AEEE /* Managers */,
				F1D6C5972CEC788E002984A0 /* Utils */,
				F140320D2CEB18B000F89326 /* Extensions */,
				F14032082CEB158000F89326 /* Models */,
				F14032012CEB0C9800F89326 /* Views */,
				F14032002CEB0C8D00F89326 /* Screens */,
				F14031F22CEB097700F89326 /* RemindersCloneApp.swift */,
				F14031F62CEB097A00F89326 /* Assets.xcassets */,
				F14031F82CEB097A00F89326 /* Preview Content */,
			);
			path = RemindersClone;
			sourceTree = "<group>";
		};
		F14031F82CEB097A00F89326 /* Preview Content */ = {
			isa = PBXGroup;
			children = (
				F14031F92CEB097A00F89326 /* Preview Assets.xcassets */,
				F140320B2CEB15E500F89326 /* PreviewContainer.swift */,
			);
			path = "Preview Content";
			sourceTree = "<group>";
		};
		F14032002CEB0C8D00F89326 /* Screens */ = {
			isa = PBXGroup;
			children = (
				F14032022CEB0CA700F89326 /* MyListsScreen.swift */,
				F14032042CEB0DFA00F89326 /* AddMyListScreen.swift */,
				F14032122CEB22A700F89326 /* MyListDetailScreen.swift */,
				F1D6C5932CEC6DF2002984A0 /* ReminderEditScreen.swift */,
			);
			path = Screens;
			sourceTree = "<group>";
		};
		F14032012CEB0C9800F89326 /* Views */ = {
			isa = PBXGroup;
			children = (
				F14032062CEB0E0900F89326 /* ColorPickerView.swift */,
				F1D6C5912CEC67C7002984A0 /* ReminderCellView.swift */,
				F1D6C59A2CEC9977002984A0 /* MyListCellView.swift */,
				F1D6C59C2CECA395002984A0 /* ReminderStatView.swift */,
				F1D6C59E2CECAE91002984A0 /* RemindersListView.swift */,
			);
			path = Views;
			sourceTree = "<group>";
		};
		F14032082CEB158000F89326 /* Models */ = {
			isa = PBXGroup;
			children = (
				F14032092CEB158A00F89326 /* MyList.swift */,
				F14032102CEB205000F89326 /* Reminder.swift */,
			);
			path = Models;
			sourceTree = "<group>";
		};
		F140320D2CEB18B000F89326 /* Extensions */ = {
			isa = PBXGroup;
			children = (
				F140320E2CEB18BE00F89326 /* Color+Extension.swift */,
				F14032142CEB263E00F89326 /* String+Extension.swift */,
				F1D6C5952CEC7750002984A0 /* Date+Extension.swift */,
			);
			path = Extensions;
			sourceTree = "<group>";
		};
		F18DA40C2CEDB3E800E5AEEE /* Managers */ = {
			isa = PBXGroup;
			children = (
				F18DA40D2CEDB3F700E5AEEE /* NotificationManager.swift */,
			);
			path = Managers;
			sourceTree = "<group>";
		};
		F1D6C5972CEC788E002984A0 /* Utils */ = {
			isa = PBXGroup;
			children = (
				F1D6C5982CEC7896002984A0 /* Delay.swift */,
			);
			path = Utils;
			sourceTree = "<group>";
		};
/* End PBXGroup section */

/* Begin PBXNativeTarget section */
		F14031EE2CEB097700F89326 /* RemindersClone */ = {
			isa = PBXNativeTarget;
			buildConfigurationList = F14031FD2CEB097A00F89326 /* Build configuration list for PBXNativeTarget "RemindersClone" */;
			buildPhases = (
				F14031EB2CEB097700F89326 /* Sources */,
				F14031EC2CEB097700F89326 /* Frameworks */,
				F14031ED2CEB097700F89326 /* Resources */,
			);
			buildRules = (
			);
			dependencies = (
			);
			name = RemindersClone;
			productName = RemindersClone;
			productReference = F14031EF2CEB097700F89326 /* RemindersClone.app */;
			productType = "com.apple.product-type.application";
		};
/* End PBXNativeTarget section */

/* Begin PBXProject section */
		F14031E72CEB097700F89326 /* Project object */ = {
			isa = PBXProject;
			attributes = {
				BuildIndependentTargetsInParallel = 1;
				LastSwiftUpdateCheck = 1500;
				LastUpgradeCheck = 1500;
				TargetAttributes = {
					F14031EE2CEB097700F89326 = {
						CreatedOnToolsVersion = 15.0;
					};
				};
			};
			buildConfigurationList = F14031EA2CEB097700F89326 /* Build configuration list for PBXProject "RemindersClone" */;
			compatibilityVersion = "Xcode 14.0";
			developmentRegion = en;
			hasScannedForEncodings = 0;
			knownRegions = (
				en,
				Base,
			);
			mainGroup = F14031E62CEB097700F89326;
			productRefGroup = F14031F02CEB097700F89326 /* Products */;
			projectDirPath = "";
			projectRoot = "";
			targets = (
				F14031EE2CEB097700F89326 /* RemindersClone */,
			);
		};
/* End PBXProject section */

/* Begin PBXResourcesBuildPhase section */
		F14031ED2CEB097700F89326 /* Resources */ = {
			isa = PBXResourcesBuildPhase;
			buildActionMask = 2147483647;
			files = (
				F14031FA2CEB097A00F89326 /* Preview Assets.xcassets in Resources */,
				F14031F72CEB097A00F89326 /* Assets.xcassets in Resources */,
			);
			runOnlyForDeploymentPostprocessing = 0;
		};
/* End PBXResourcesBuildPhase section */

/* Begin PBXSourcesBuildPhase section */
		F14031EB2CEB097700F89326 /* Sources */ = {
			isa = PBXSourcesBuildPhase;
			buildActionMask = 2147483647;
			files = (
				F14032032CEB0CA700F89326 /* MyListsScreen.swift in Sources */,
				F14031F32CEB097700F89326 /* RemindersCloneApp.swift in Sources */,
				F1D6C5962CEC7750002984A0 /* Date+Extension.swift in Sources */,
				F14032052CEB0DFA00F89326 /* AddMyListScreen.swift in Sources */,
				F1D6C5942CEC6DF2002984A0 /* ReminderEditScreen.swift in Sources */,
				F1D6C59F2CECAE91002984A0 /* RemindersListView.swift in Sources */,
				F1D6C5992CEC7896002984A0 /* Delay.swift in Sources */,
				F14032072CEB0E0900F89326 /* ColorPickerView.swift in Sources */,
				F140320C2CEB15E500F89326 /* PreviewContainer.swift in Sources */,
				F1D6C5922CEC67C7002984A0 /* ReminderCellView.swift in Sources */,
				F1D6C59B2CEC9977002984A0 /* MyListCellView.swift in Sources */,
				F140320A2CEB158A00F89326 /* MyList.swift in Sources */,
				F18DA40E2CEDB3F700E5AEEE /* NotificationManager.swift in Sources */,
				F14032132CEB22A700F89326 /* MyListDetailScreen.swift in Sources */,
				F140320F2CEB18BE00F89326 /* Color+Extension.swift in Sources */,
				F14032152CEB263E00F89326 /* String+Extension.swift in Sources */,
				F1D6C59D2CECA395002984A0 /* ReminderStatView.swift in Sources */,
				F14032112CEB205000F89326 /* Reminder.swift in Sources */,
			);
			runOnlyForDeploymentPostprocessing = 0;
		};
/* End PBXSourcesBuildPhase section */

/* Begin XCBuildConfiguration section */
		F14031FB2CEB097A00F89326 /* Debug */ = {
			isa = XCBuildConfiguration;
			buildSettings = {
				ALWAYS_SEARCH_USER_PATHS = NO;
				ASSETCATALOG_COMPILER_GENERATE_SWIFT_ASSET_SYMBOL_EXTENSIONS = YES;
				CLANG_ANALYZER_NONNULL = YES;
				CLANG_ANALYZER_NUMBER_OBJECT_CONVERSION = YES_AGGRESSIVE;
				CLANG_CXX_LANGUAGE_STANDARD = "gnu++20";
				CLANG_ENABLE_MODULES = YES;
				CLANG_ENABLE_OBJC_ARC = YES;
				CLANG_ENABLE_OBJC_WEAK = YES;
				CLANG_WARN_BLOCK_CAPTURE_AUTORELEASING = YES;
				CLANG_WARN_BOOL_CONVERSION = YES;
				CLANG_WARN_COMMA = YES;
				CLANG_WARN_CONSTANT_CONVERSION = YES;
				CLANG_WARN_DEPRECATED_OBJC_IMPLEMENTATIONS = YES;
				CLANG_WARN_DIRECT_OBJC_ISA_USAGE = YES_ERROR;
				CLANG_WARN_DOCUMENTATION_COMMENTS = YES;
				CLANG_WARN_EMPTY_BODY = YES;
				CLANG_WARN_ENUM_CONVERSION = YES;
				CLANG_WARN_INFINITE_RECURSION = YES;
				CLANG_WARN_INT_CONVERSION = YES;
				CLANG_WARN_NON_LITERAL_NULL_CONVERSION = YES;
				CLANG_WARN_OBJC_IMPLICIT_RETAIN_SELF = YES;
				CLANG_WARN_OBJC_LITERAL_CONVERSION = YES;
				CLANG_WARN_OBJC_ROOT_CLASS = YES_ERROR;
				CLANG_WARN_QUOTED_INCLUDE_IN_FRAMEWORK_HEADER = YES;
				CLANG_WARN_RANGE_LOOP_ANALYSIS = YES;
				CLANG_WARN_STRICT_PROTOTYPES = YES;
				CLANG_WARN_SUSPICIOUS_MOVE = YES;
				CLANG_WARN_UNGUARDED_AVAILABILITY = YES_AGGRESSIVE;
				CLANG_WARN_UNREACHABLE_CODE = YES;
				CLANG_WARN__DUPLICATE_METHOD_MATCH = YES;
				COPY_PHASE_STRIP = NO;
				DEBUG_INFORMATION_FORMAT = dwarf;
				ENABLE_STRICT_OBJC_MSGSEND = YES;
				ENABLE_TESTABILITY = YES;
				ENABLE_USER_SCRIPT_SANDBOXING = YES;
				GCC_C_LANGUAGE_STANDARD = gnu17;
				GCC_DYNAMIC_NO_PIC = NO;
				GCC_NO_COMMON_BLOCKS = YES;
				GCC_OPTIMIZATION_LEVEL = 0;
				GCC_PREPROCESSOR_DEFINITIONS = (
					"DEBUG=1",
					"$(inherited)",
				);
				GCC_WARN_64_TO_32_BIT_CONVERSION = YES;
				GCC_WARN_ABOUT_RETURN_TYPE = YES_ERROR;
				GCC_WARN_UNDECLARED_SELECTOR = YES;
				GCC_WARN_UNINITIALIZED_AUTOS = YES_AGGRESSIVE;
				GCC_WARN_UNUSED_FUNCTION = YES;
				GCC_WARN_UNUSED_VARIABLE = YES;
				IPHONEOS_DEPLOYMENT_TARGET = 17.0;
				LOCALIZATION_PREFERS_STRING_CATALOGS = YES;
				MTL_ENABLE_DEBUG_INFO = INCLUDE_SOURCE;
				MTL_FAST_MATH = YES;
				ONLY_ACTIVE_ARCH = YES;
				SDKROOT = iphoneos;
				SWIFT_ACTIVE_COMPILATION_CONDITIONS = "DEBUG $(inherited)";
				SWIFT_OPTIMIZATION_LEVEL = "-Onone";
			};
			name = Debug;
		};
		F14031FC2CEB097A00F89326 /* Release */ = {
			isa = XCBuildConfiguration;
			buildSettings = {
				ALWAYS_SEARCH_USER_PATHS = NO;
				ASSETCATALOG_COMPILER_GENERATE_SWIFT_ASSET_SYMBOL_EXTENSIONS = YES;
				CLANG_ANALYZER_NONNULL = YES;
				CLANG_ANALYZER_NUMBER_OBJECT_CONVERSION = YES_AGGRESSIVE;
				CLANG_CXX_LANGUAGE_STANDARD = "gnu++20";
				CLANG_ENABLE_MODULES = YES;
				CLANG_ENABLE_OBJC_ARC = YES;
				CLANG_ENABLE_OBJC_WEAK = YES;
				CLANG_WARN_BLOCK_CAPTURE_AUTORELEASING = YES;
				CLANG_WARN_BOOL_CONVERSION = YES;
				CLANG_WARN_COMMA = YES;
				CLANG_WARN_CONSTANT_CONVERSION = YES;
				CLANG_WARN_DEPRECATED_OBJC_IMPLEMENTATIONS = YES;
				CLANG_WARN_DIRECT_OBJC_ISA_USAGE = YES_ERROR;
				CLANG_WARN_DOCUMENTATION_COMMENTS = YES;
				CLANG_WARN_EMPTY_BODY = YES;
				CLANG_WARN_ENUM_CONVERSION = YES;
				CLANG_WARN_INFINITE_RECURSION = YES;
				CLANG_WARN_INT_CONVERSION = YES;
				CLANG_WARN_NON_LITERAL_NULL_CONVERSION = YES;
				CLANG_WARN_OBJC_IMPLICIT_RETAIN_SELF = YES;
				CLANG_WARN_OBJC_LITERAL_CONVERSION = YES;
				CLANG_WARN_OBJC_ROOT_CLASS = YES_ERROR;
				CLANG_WARN_QUOTED_INCLUDE_IN_FRAMEWORK_HEADER = YES;
				CLANG_WARN_RANGE_LOOP_ANALYSIS = YES;
				CLANG_WARN_STRICT_PROTOTYPES = YES;
				CLANG_WARN_SUSPICIOUS_MOVE = YES;
				CLANG_WARN_UNGUARDED_AVAILABILITY = YES_AGGRESSIVE;
				CLANG_WARN_UNREACHABLE_CODE = YES;
				CLANG_WARN__DUPLICATE_METHOD_MATCH = YES;
				COPY_PHASE_STRIP = NO;
				DEBUG_INFORMATION_FORMAT = "dwarf-with-dsym";
				ENABLE_NS_ASSERTIONS = NO;
				ENABLE_STRICT_OBJC_MSGSEND = YES;
				ENABLE_USER_SCRIPT_SANDBOXING = YES;
				GCC_C_LANGUAGE_STANDARD = gnu17;
				GCC_NO_COMMON_BLOCKS = YES;
				GCC_WARN_64_TO_32_BIT_CONVERSION = YES;
				GCC_WARN_ABOUT_RETURN_TYPE = YES_ERROR;
				GCC_WARN_UNDECLARED_SELECTOR = YES;
				GCC_WARN_UNINITIALIZED_AUTOS = YES_AGGRESSIVE;
				GCC_WARN_UNUSED_FUNCTION = YES;
				GCC_WARN_UNUSED_VARIABLE = YES;
				IPHONEOS_DEPLOYMENT_TARGET = 17.0;
				LOCALIZATION_PREFERS_STRING_CATALOGS = YES;
				MTL_ENABLE_DEBUG_INFO = NO;
				MTL_FAST_MATH = YES;
				SDKROOT = iphoneos;
				SWIFT_COMPILATION_MODE = wholemodule;
				VALIDATE_PRODUCT = YES;
			};
			name = Release;
		};
		F14031FE2CEB097A00F89326 /* Debug */ = {
			isa = XCBuildConfiguration;
			buildSettings = {
				ASSETCATALOG_COMPILER_APPICON_NAME = AppIcon;
				ASSETCATALOG_COMPILER_GLOBAL_ACCENT_COLOR_NAME = AccentColor;
				CODE_SIGN_STYLE = Automatic;
				CURRENT_PROJECT_VERSION = 1;
				DEVELOPMENT_ASSET_PATHS = "\"RemindersClone/Preview Content\"";
				ENABLE_PREVIEWS = YES;
				GENERATE_INFOPLIST_FILE = YES;
				INFOPLIST_KEY_UIApplicationSceneManifest_Generation = YES;
				INFOPLIST_KEY_UIApplicationSupportsIndirectInputEvents = YES;
				INFOPLIST_KEY_UILaunchScreen_Generation = YES;
				INFOPLIST_KEY_UISupportedInterfaceOrientations_iPad = "UIInterfaceOrientationPortrait UIInterfaceOrientationPortraitUpsideDown UIInterfaceOrientationLandscapeLeft UIInterfaceOrientationLandscapeRight";
				INFOPLIST_KEY_UISupportedInterfaceOrientations_iPhone = "UIInterfaceOrientationPortrait UIInterfaceOrientationLandscapeLeft UIInterfaceOrientationLandscapeRight";
				LD_RUNPATH_SEARCH_PATHS = (
					"$(inherited)",
					"@executable_path/Frameworks",
				);
				MARKETING_VERSION = 1.0;
				PRODUCT_BUNDLE_IDENTIFIER = com.us.RemindersClone;
				PRODUCT_NAME = "$(TARGET_NAME)";
				SWIFT_EMIT_LOC_STRINGS = YES;
				SWIFT_VERSION = 5.0;
				TARGETED_DEVICE_FAMILY = "1,2";
			};
			name = Debug;
		};
		F14031FF2CEB097A00F89326 /* Release */ = {
			isa = XCBuildConfiguration;
			buildSettings = {
				ASSETCATALOG_COMPILER_APPICON_NAME = AppIcon;
				ASSETCATALOG_COMPILER_GLOBAL_ACCENT_COLOR_NAME = AccentColor;
				CODE_SIGN_STYLE = Automatic;
				CURRENT_PROJECT_VERSION = 1;
				DEVELOPMENT_ASSET_PATHS = "\"RemindersClone/Preview Content\"";
				ENABLE_PREVIEWS = YES;
				GENERATE_INFOPLIST_FILE = YES;
				INFOPLIST_KEY_UIApplicationSceneManifest_Generation = YES;
				INFOPLIST_KEY_UIApplicationSupportsIndirectInputEvents = YES;
				INFOPLIST_KEY_UILaunchScreen_Generation = YES;
				INFOPLIST_KEY_UISupportedInterfaceOrientations_iPad = "UIInterfaceOrientationPortrait UIInterfaceOrientationPortraitUpsideDown UIInterfaceOrientationLandscapeLeft UIInterfaceOrientationLandscapeRight";
				INFOPLIST_KEY_UISupportedInterfaceOrientations_iPhone = "UIInterfaceOrientationPortrait UIInterfaceOrientationLandscapeLeft UIInterfaceOrientationLandscapeRight";
				LD_RUNPATH_SEARCH_PATHS = (
					"$(inherited)",
					"@executable_path/Frameworks",
				);
				MARKETING_VERSION = 1.0;
				PRODUCT_BUNDLE_IDENTIFIER = com.us.RemindersClone;
				PRODUCT_NAME = "$(TARGET_NAME)";
				SWIFT_EMIT_LOC_STRINGS = YES;
				SWIFT_VERSION = 5.0;
				TARGETED_DEVICE_FAMILY = "1,2";
			};
			name = Release;
		};
/* End XCBuildConfiguration section */

/* Begin XCConfigurationList section */
		F14031EA2CEB097700F89326 /* Build configuration list for PBXProject "RemindersClone" */ = {
			isa = XCConfigurationList;
			buildConfigurations = (
				F14031FB2CEB097A00F89326 /* Debug */,
				F14031FC2CEB097A00F89326 /* Release */,
			);
			defaultConfigurationIsVisible = 0;
			defaultConfigurationName = Release;
		};
		F14031FD2CEB097A00F89326 /* Build configuration list for PBXNativeTarget "RemindersClone" */ = {
			isa = XCConfigurationList;
			buildConfigurations = (
				F14031FE2CEB097A00F89326 /* Debug */,
				F14031FF2CEB097A00F89326 /* Release */,
			);
			defaultConfigurationIsVisible = 0;
			defaultConfigurationName = Release;
		};
/* End XCConfigurationList section */
	};
	rootObject = F14031E72CEB097700F89326 /* Project object */;
}
